
Microsoft Visual Studio Solution File, Format Version 12.00
# Visual Studio Version 16
VisualStudioVersion = 16.0.31515.178
MinimumVisualStudioVersion = 10.0.40219.1
Project("{8BC9CEB8-8B4A-11D0-8D11-00A0C91BC942}") = "SFML Game Dev", "SFML Game Dev\SFML Game Dev.vcxproj", "{774C0FA2-C3EA-4261-8DB9-D63CA4E13345}"
EndProject
Global
	GlobalSection(SolutionConfigurationPlatforms) = preSolution
		Debug|x64 = Debug|x64
		Debug|x86 = Debug|x86
		Release|x64 = Release|x64
		Release|x86 = Release|x86
	EndGlobalSection
	GlobalSection(ProjectConfigurationPlatforms) = postSolution
		{774C0FA2-C3EA-4261-8DB9-D63CA4E13345}.Debug|x64.ActiveCfg = Debug|x64
		{774C0FA2-C3EA-4261-8DB9-D63CA4E13345}.Debug|x64.Build.0 = Debug|x64
		{774C0FA2-C3EA-4261-8DB9-D63CA4E13345}.Debug|x86.ActiveCfg = Debug|Win32
		{774C0FA2-C3EA-4261-8DB9-D63CA4E13345}.Debug|x86.Build.0 = Debug|Win32
		{774C0FA2-C3EA-4261-8DB9-D63CA4E13345}.Release|x64.ActiveCfg = Release|x64
		{774C0FA2-C3EA-4261-8DB9-D63CA4E13345}.Release|x64.Build.0 = Release|x64
		{774C0FA2-C3EA-4261-8DB9-D63CA4E13345}.Release|x86.ActiveCfg = Release|Win32
		{774C0FA2-C3EA-4261-8DB9-D63CA4E13345}.Release|x86.Build.0 = Release|Win32
	EndGlobalSection
	GlobalSection(SolutionProperties) = preSolution
		HideSolutionNode = FALSE
	EndGlobalSection
	GlobalSection(ExtensibilityGlobals) = postSolution
		SolutionGuid = {FA0288E2-D8B6-48A3-B6C2-39F980E7B6B2}
	EndGlobalSection
EndGlobal
